// !$*UTF8*$!
{
	archiveVersion = 1;
	classes = {
	};
	objectVersion = 55;
	objects = {

/* Begin PBXBuildFile section */
		CE3B330D279079A70014E1F1 /* AppDelegate.swift in Sources */ = {isa = PBXBuildFile; fileRef = CE3B330C279079A70014E1F1 /* AppDelegate.swift */; };
		CE3B330F279079A70014E1F1 /* SceneDelegate.swift in Sources */ = {isa = PBXBuildFile; fileRef = CE3B330E279079A70014E1F1 /* SceneDelegate.swift */; };
		CE3B3311279079A70014E1F1 /* WeatherViewController.swift in Sources */ = {isa = PBXBuildFile; fileRef = CE3B3310279079A70014E1F1 /* WeatherViewController.swift */; };
		CE3B3314279079A70014E1F1 /* Main.storyboard in Resources */ = {isa = PBXBuildFile; fileRef = CE3B3312279079A70014E1F1 /* Main.storyboard */; };
		CE3B3316279079AD0014E1F1 /* Assets.xcassets in Resources */ = {isa = PBXBuildFile; fileRef = CE3B3315279079AD0014E1F1 /* Assets.xcassets */; };
		CE3B3319279079AD0014E1F1 /* LaunchScreen.storyboard in Resources */ = {isa = PBXBuildFile; fileRef = CE3B3317279079AD0014E1F1 /* LaunchScreen.storyboard */; };
		CE3B3326279084C90014E1F1 /* WeatherViewControlle + alertController.swift in Sources */ = {isa = PBXBuildFile; fileRef = CE3B3325279084C90014E1F1 /* WeatherViewControlle + alertController.swift */; };
/* End PBXBuildFile section */

/* Begin PBXFileReference section */
		CE3B3309279079A70014E1F1 /* WeatheApp(OpenWeatherAPI).app */ = {isa = PBXFileReference; explicitFileType = wrapper.application; includeInIndex = 0; path = "WeatheApp(OpenWeatherAPI).app"; sourceTree = BUILT_PRODUCTS_DIR; };
		CE3B330C279079A70014E1F1 /* AppDelegate.swift */ = {isa = PBXFileReference; lastKnownFileType = sourcecode.swift; path = AppDelegate.swift; sourceTree = "<group>"; };
		CE3B330E279079A70014E1F1 /* SceneDelegate.swift */ = {isa = PBXFileReference; lastKnownFileType = sourcecode.swift; path = SceneDelegate.swift; sourceTree = "<group>"; };
		CE3B3310279079A70014E1F1 /* WeatherViewController.swift */ = {isa = PBXFileReference; lastKnownFileType = sourcecode.swift; path = WeatherViewController.swift; sourceTree = "<group>"; };
		CE3B3313279079A70014E1F1 /* Base */ = {isa = PBXFileReference; lastKnownFileType = file.storyboard; name = Base; path = Base.lproj/Main.storyboard; sourceTree = "<group>"; };
		CE3B3315279079AD0014E1F1 /* Assets.xcassets */ = {isa = PBXFileReference; lastKnownFileType = folder.assetcatalog; path = Assets.xcassets; sourceTree = "<group>"; };
		CE3B3318279079AD0014E1F1 /* Base */ = {isa = PBXFileReference; lastKnownFileType = file.storyboard; name = Base; path = Base.lproj/LaunchScreen.storyboard; sourceTree = "<group>"; };
		CE3B331A279079AD0014E1F1 /* Info.plist */ = {isa = PBXFileReference; lastKnownFileType = text.plist.xml; path = Info.plist; sourceTree = "<group>"; };
		CE3B3325279084C90014E1F1 /* WeatherViewControlle + alertController.swift */ = {isa = PBXFileReference; lastKnownFileType = sourcecode.swift; path = "WeatherViewControlle + alertController.swift"; sourceTree = "<group>"; };
/* End PBXFileReference section */

/* Begin PBXFrameworksBuildPhase section */
		CE3B3306279079A70014E1F1 /* Frameworks */ = {
			isa = PBXFrameworksBuildPhase;
			buildActionMask = 2147483647;
			files = (
			);
			runOnlyForDeploymentPostprocessing = 0;
		};
/* End PBXFrameworksBuildPhase section */

/* Begin PBXGroup section */
		CE3B3300279079A70014E1F1 = {
			isa = PBXGroup;
			children = (
				CE3B330B279079A70014E1F1 /* WeatheApp(OpenWeatherAPI) */,
				CE3B330A279079A70014E1F1 /* Products */,
			);
			sourceTree = "<group>";
		};
		CE3B330A279079A70014E1F1 /* Products */ = {
			isa = PBXGroup;
			children = (
				CE3B3309279079A70014E1F1 /* WeatheApp(OpenWeatherAPI).app */,
			);
			name = Products;
			sourceTree = "<group>";
		};
		CE3B330B279079A70014E1F1 /* WeatheApp(OpenWeatherAPI) */ = {
			isa = PBXGroup;
			children = (
				CE3B331A279079AD0014E1F1 /* Info.plist */,
				CE3B332327907BC60014E1F1 /* Extencion */,
				CE3B332227907BBF0014E1F1 /* Models */,
				CE3B332127907BB70014E1F1 /* View */,
				CE3B332027907BA60014E1F1 /* ViewControllers */,
				CE3B332427907BDB0014E1F1 /* SupportingFiles */,
			);
			path = "WeatheApp(OpenWeatherAPI)";
			sourceTree = "<group>";
		};
		CE3B332027907BA60014E1F1 /* ViewControllers */ = {
			isa = PBXGroup;
			children = (
				CE3B3310279079A70014E1F1 /* WeatherViewController.swift */,
			);
			path = ViewControllers;
			sourceTree = "<group>";
		};
		CE3B332127907BB70014E1F1 /* View */ = {
			isa = PBXGroup;
			children = (
			);
			path = View;
			sourceTree = "<group>";
		};
		CE3B332227907BBF0014E1F1 /* Models */ = {
			isa = PBXGroup;
			children = (
			);
			path = Models;
			sourceTree = "<group>";
		};
		CE3B332327907BC60014E1F1 /* Extencion */ = {
			isa = PBXGroup;
			children = (
				CE3B3325279084C90014E1F1 /* WeatherViewControlle + alertController.swift */,
			);
			path = Extencion;
			sourceTree = "<group>";
		};
		CE3B332427907BDB0014E1F1 /* SupportingFiles */ = {
			isa = PBXGroup;
			children = (
				CE3B3312279079A70014E1F1 /* Main.storyboard */,
				CE3B3315279079AD0014E1F1 /* Assets.xcassets */,
				CE3B3317279079AD0014E1F1 /* LaunchScreen.storyboard */,
				CE3B330C279079A70014E1F1 /* AppDelegate.swift */,
				CE3B330E279079A70014E1F1 /* SceneDelegate.swift */,
			);
			path = SupportingFiles;
			sourceTree = "<group>";
		};
/* End PBXGroup section */

/* Begin PBXNativeTarget section */
		CE3B3308279079A70014E1F1 /* WeatheApp(OpenWeatherAPI) */ = {
			isa = PBXNativeTarget;
			buildConfigurationList = CE3B331D279079AD0014E1F1 /* Build configuration list for PBXNativeTarget "WeatheApp(OpenWeatherAPI)" */;
			buildPhases = (
				CE3B3305279079A70014E1F1 /* Sources */,
				CE3B3306279079A70014E1F1 /* Frameworks */,
				CE3B3307279079A70014E1F1 /* Resources */,
			);
			buildRules = (
			);
			dependencies = (
			);
			name = "WeatheApp(OpenWeatherAPI)";
			productName = "WeatheApp(OpenWeatherAPI)";
			productReference = CE3B3309279079A70014E1F1 /* WeatheApp(OpenWeatherAPI).app */;
			productType = "com.apple.product-type.application";
		};
/* End PBXNativeTarget section */

/* Begin PBXProject section */
		CE3B3301279079A70014E1F1 /* Project object */ = {
			isa = PBXProject;
			attributes = {
				BuildIndependentTargetsInParallel = 1;
				LastSwiftUpdateCheck = 1300;
				LastUpgradeCheck = 1300;
				TargetAttributes = {
					CE3B3308279079A70014E1F1 = {
						CreatedOnToolsVersion = 13.0;
					};
				};
			};
			buildConfigurationList = CE3B3304279079A70014E1F1 /* Build configuration list for PBXProject "WeatheApp(OpenWeatherAPI)" */;
			compatibilityVersion = "Xcode 13.0";
			developmentRegion = en;
			hasScannedForEncodings = 0;
			knownRegions = (
				en,
				Base,
			);
			mainGroup = CE3B3300279079A70014E1F1;
			productRefGroup = CE3B330A279079A70014E1F1 /* Products */;
			projectDirPath = "";
			projectRoot = "";
			targets = (
				CE3B3308279079A70014E1F1 /* WeatheApp(OpenWeatherAPI) */,
			);
		};
/* End PBXProject section */

/* Begin PBXResourcesBuildPhase section */
		CE3B3307279079A70014E1F1 /* Resources */ = {
			isa = PBXResourcesBuildPhase;
			buildActionMask = 2147483647;
			files = (
				CE3B3319279079AD0014E1F1 /* LaunchScreen.storyboard in Resources */,
				CE3B3316279079AD0014E1F1 /* Assets.xcassets in Resources */,
				CE3B3314279079A70014E1F1 /* Main.storyboard in Resources */,
			);
			runOnlyForDeploymentPostprocessing = 0;
		};
/* End PBXResourcesBuildPhase section */

/* Begin PBXSourcesBuildPhase section */
		CE3B3305279079A70014E1F1 /* Sources */ = {
			isa = PBXSourcesBuildPhase;
			buildActionMask = 2147483647;
			files = (
				CE3B3311279079A70014E1F1 /* WeatherViewController.swift in Sources */,
				CE3B330D279079A70014E1F1 /* AppDelegate.swift in Sources */,
				CE3B330F279079A70014E1F1 /* SceneDelegate.swift in Sources */,
				CE3B3326279084C90014E1F1 /* WeatherViewControlle + alertController.swift in Sources */,
			);
			runOnlyForDeploymentPostprocessing = 0;
		};
/* End PBXSourcesBuildPhase section */

/* Begin PBXVariantGroup section */
		CE3B3312279079A70014E1F1 /* Main.storyboard */ = {
			isa = PBXVariantGroup;
			children = (
				CE3B3313279079A70014E1F1 /* Base */,
			);
			name = Main.storyboard;
			sourceTree = "<group>";
		};
		CE3B3317279079AD0014E1F1 /* LaunchScreen.storyboard */ = {
			isa = PBXVariantGroup;
			children = (
				CE3B3318279079AD0014E1F1 /* Base */,
			);
			name = LaunchScreen.storyboard;
			sourceTree = "<group>";
		};
/* End PBXVariantGroup section */

/* Begin XCBuildConfiguration section */
		CE3B331B279079AD0014E1F1 /* Debug */ = {
			isa = XCBuildConfiguration;
			buildSettings = {
				ALWAYS_SEARCH_USER_PATHS = NO;
				CLANG_ANALYZER_NONNULL = YES;
				CLANG_ANALYZER_NUMBER_OBJECT_CONVERSION = YES_AGGRESSIVE;
				CLANG_CXX_LANGUAGE_STANDARD = "gnu++17";
				CLANG_CXX_LIBRARY = "libc++";
				CLANG_ENABLE_MODULES = YES;
				CLANG_ENABLE_OBJC_ARC = YES;
				CLANG_ENABLE_OBJC_WEAK = YES;
				CLANG_WARN_BLOCK_CAPTURE_AUTORELEASING = YES;
				CLANG_WARN_BOOL_CONVERSION = YES;
				CLANG_WARN_COMMA = YES;
				CLANG_WARN_CONSTANT_CONVERSION = YES;
				CLANG_WARN_DEPRECATED_OBJC_IMPLEMENTATIONS = YES;
				CLANG_WARN_DIRECT_OBJC_ISA_USAGE = YES_ERROR;
				CLANG_WARN_DOCUMENTATION_COMMENTS = YES;
				CLANG_WARN_EMPTY_BODY = YES;
				CLANG_WARN_ENUM_CONVERSION = YES;
				CLANG_WARN_INFINITE_RECURSION = YES;
				CLANG_WARN_INT_CONVERSION = YES;
				CLANG_WARN_NON_LITERAL_NULL_CONVERSION = YES;
				CLANG_WARN_OBJC_IMPLICIT_RETAIN_SELF = YES;
				CLANG_WARN_OBJC_LITERAL_CONVERSION = YES;
				CLANG_WARN_OBJC_ROOT_CLASS = YES_ERROR;
				CLANG_WARN_QUOTED_INCLUDE_IN_FRAMEWORK_HEADER = YES;
				CLANG_WARN_RANGE_LOOP_ANALYSIS = YES;
				CLANG_WARN_STRICT_PROTOTYPES = YES;
				CLANG_WARN_SUSPICIOUS_MOVE = YES;
				CLANG_WARN_UNGUARDED_AVAILABILITY = YES_AGGRESSIVE;
				CLANG_WARN_UNREACHABLE_CODE = YES;
				CLANG_WARN__DUPLICATE_METHOD_MATCH = YES;
				COPY_PHASE_STRIP = NO;
				DEBUG_INFORMATION_FORMAT = dwarf;
				ENABLE_STRICT_OBJC_MSGSEND = YES;
				ENABLE_TESTABILITY = YES;
				GCC_C_LANGUAGE_STANDARD = gnu11;
				GCC_DYNAMIC_NO_PIC = NO;
				GCC_NO_COMMON_BLOCKS = YES;
				GCC_OPTIMIZATION_LEVEL = 0;
				GCC_PREPROCESSOR_DEFINITIONS = (
					"DEBUG=1",
					"$(inherited)",
				);
				GCC_WARN_64_TO_32_BIT_CONVERSION = YES;
				GCC_WARN_ABOUT_RETURN_TYPE = YES_ERROR;
				GCC_WARN_UNDECLARED_SELECTOR = YES;
				GCC_WARN_UNINITIALIZED_AUTOS = YES_AGGRESSIVE;
				GCC_WARN_UNUSED_FUNCTION = YES;
				GCC_WARN_UNUSED_VARIABLE = YES;
				IPHONEOS_DEPLOYMENT_TARGET = 15.0;
				MTL_ENABLE_DEBUG_INFO = INCLUDE_SOURCE;
				MTL_FAST_MATH = YES;
				ONLY_ACTIVE_ARCH = YES;
				SDKROOT = iphoneos;
				SWIFT_ACTIVE_COMPILATION_CONDITIONS = DEBUG;
				SWIFT_OPTIMIZATION_LEVEL = "-Onone";
			};
			name = Debug;
		};
		CE3B331C279079AD0014E1F1 /* Release */ = {
			isa = XCBuildConfiguration;
			buildSettings = {
				ALWAYS_SEARCH_USER_PATHS = NO;
				CLANG_ANALYZER_NONNULL = YES;
				CLANG_ANALYZER_NUMBER_OBJECT_CONVERSION = YES_AGGRESSIVE;
				CLANG_CXX_LANGUAGE_STANDARD = "gnu++17";
				CLANG_CXX_LIBRARY = "libc++";
				CLANG_ENABLE_MODULES = YES;
				CLANG_ENABLE_OBJC_ARC = YES;
				CLANG_ENABLE_OBJC_WEAK = YES;
				CLANG_WARN_BLOCK_CAPTURE_AUTORELEASING = YES;
				CLANG_WARN_BOOL_CONVERSION = YES;
				CLANG_WARN_COMMA = YES;
				CLANG_WARN_CONSTANT_CONVERSION = YES;
				CLANG_WARN_DEPRECATED_OBJC_IMPLEMENTATIONS = YES;
				CLANG_WARN_DIRECT_OBJC_ISA_USAGE = YES_ERROR;
				CLANG_WARN_DOCUMENTATION_COMMENTS = YES;
				CLANG_WARN_EMPTY_BODY = YES;
				CLANG_WARN_ENUM_CONVERSION = YES;
				CLANG_WARN_INFINITE_RECURSION = YES;
				CLANG_WARN_INT_CONVERSION = YES;
				CLANG_WARN_NON_LITERAL_NULL_CONVERSION = YES;
				CLANG_WARN_OBJC_IMPLICIT_RETAIN_SELF = YES;
				CLANG_WARN_OBJC_LITERAL_CONVERSION = YES;
				CLANG_WARN_OBJC_ROOT_CLASS = YES_ERROR;
				CLANG_WARN_QUOTED_INCLUDE_IN_FRAMEWORK_HEADER = YES;
				CLANG_WARN_RANGE_LOOP_ANALYSIS = YES;
				CLANG_WARN_STRICT_PROTOTYPES = YES;
				CLANG_WARN_SUSPICIOUS_MOVE = YES;
				CLANG_WARN_UNGUARDED_AVAILABILITY = YES_AGGRESSIVE;
				CLANG_WARN_UNREACHABLE_CODE = YES;
				CLANG_WARN__DUPLICATE_METHOD_MATCH = YES;
				COPY_PHASE_STRIP = NO;
				DEBUG_INFORMATION_FORMAT = "dwarf-with-dsym";
				ENABLE_NS_ASSERTIONS = NO;
				ENABLE_STRICT_OBJC_MSGSEND = YES;
				GCC_C_LANGUAGE_STANDARD = gnu11;
				GCC_NO_COMMON_BLOCKS = YES;
				GCC_WARN_64_TO_32_BIT_CONVERSION = YES;
				GCC_WARN_ABOUT_RETURN_TYPE = YES_ERROR;
				GCC_WARN_UNDECLARED_SELECTOR = YES;
				GCC_WARN_UNINITIALIZED_AUTOS = YES_AGGRESSIVE;
				GCC_WARN_UNUSED_FUNCTION = YES;
				GCC_WARN_UNUSED_VARIABLE = YES;
				IPHONEOS_DEPLOYMENT_TARGET = 15.0;
				MTL_ENABLE_DEBUG_INFO = NO;
				MTL_FAST_MATH = YES;
				SDKROOT = iphoneos;
				SWIFT_COMPILATION_MODE = wholemodule;
				SWIFT_OPTIMIZATION_LEVEL = "-O";
				VALIDATE_PRODUCT = YES;
			};
			name = Release;
		};
		CE3B331E279079AD0014E1F1 /* Debug */ = {
			isa = XCBuildConfiguration;
			buildSettings = {
				ASSETCATALOG_COMPILER_APPICON_NAME = AppIcon;
				ASSETCATALOG_COMPILER_GLOBAL_ACCENT_COLOR_NAME = AccentColor;
				CODE_SIGN_STYLE = Automatic;
				CURRENT_PROJECT_VERSION = 1;
				DEVELOPMENT_TEAM = Q9788GD6N7;
				GENERATE_INFOPLIST_FILE = YES;
				INFOPLIST_FILE = "WeatheApp(OpenWeatherAPI)/Info.plist";
				INFOPLIST_KEY_UIApplicationSupportsIndirectInputEvents = YES;
				INFOPLIST_KEY_UILaunchStoryboardName = LaunchScreen;
				INFOPLIST_KEY_UIMainStoryboardFile = Main;
				INFOPLIST_KEY_UISupportedInterfaceOrientations_iPad = "UIInterfaceOrientationPortrait UIInterfaceOrientationPortraitUpsideDown UIInterfaceOrientationLandscapeLeft UIInterfaceOrientationLandscapeRight";
				INFOPLIST_KEY_UISupportedInterfaceOrientations_iPhone = "UIInterfaceOrientationPortrait UIInterfaceOrientationLandscapeLeft UIInterfaceOrientationLandscapeRight";
				LD_RUNPATH_SEARCH_PATHS = (
					"$(inherited)",
					"@executable_path/Frameworks",
				);
				MARKETING_VERSION = 1.0;
				PRODUCT_BUNDLE_IDENTIFIER = "com.vladimir.swifty.com.WeatheApp-OpenWeatherAPI-";
				PRODUCT_NAME = "$(TARGET_NAME)";
				SWIFT_EMIT_LOC_STRINGS = YES;
				SWIFT_VERSION = 5.0;
				TARGETED_DEVICE_FAMILY = "1,2";
			};
			name = Debug;
		};
		CE3B331F279079AD0014E1F1 /* Release */ = {
			isa = XCBuildConfiguration;
			buildSettings = {
				ASSETCATALOG_COMPILER_APPICON_NAME = AppIcon;
				ASSETCATALOG_COMPILER_GLOBAL_ACCENT_COLOR_NAME = AccentColor;
				CODE_SIGN_STYLE = Automatic;
				CURRENT_PROJECT_VERSION = 1;
				DEVELOPMENT_TEAM = Q9788GD6N7;
				GENERATE_INFOPLIST_FILE = YES;
				INFOPLIST_FILE = "WeatheApp(OpenWeatherAPI)/Info.plist";
				INFOPLIST_KEY_UIApplicationSupportsIndirectInputEvents = YES;
				INFOPLIST_KEY_UILaunchStoryboardName = LaunchScreen;
				INFOPLIST_KEY_UIMainStoryboardFile = Main;
				INFOPLIST_KEY_UISupportedInterfaceOrientations_iPad = "UIInterfaceOrientationPortrait UIInterfaceOrientationPortraitUpsideDown UIInterfaceOrientationLandscapeLeft UIInterfaceOrientationLandscapeRight";
				INFOPLIST_KEY_UISupportedInterfaceOrientations_iPhone = "UIInterfaceOrientationPortrait UIInterfaceOrientationLandscapeLeft UIInterfaceOrientationLandscapeRight";
				LD_RUNPATH_SEARCH_PATHS = (
					"$(inherited)",
					"@executable_path/Frameworks",
				);
				MARKETING_VERSION = 1.0;
				PRODUCT_BUNDLE_IDENTIFIER = "com.vladimir.swifty.com.WeatheApp-OpenWeatherAPI-";
				PRODUCT_NAME = "$(TARGET_NAME)";
				SWIFT_EMIT_LOC_STRINGS = YES;
				SWIFT_VERSION = 5.0;
				TARGETED_DEVICE_FAMILY = "1,2";
			};
			name = Release;
		};
/* End XCBuildConfiguration section */

/* Begin XCConfigurationList section */
		CE3B3304279079A70014E1F1 /* Build configuration list for PBXProject "WeatheApp(OpenWeatherAPI)" */ = {
			isa = XCConfigurationList;
			buildConfigurations = (
				CE3B331B279079AD0014E1F1 /* Debug */,
				CE3B331C279079AD0014E1F1 /* Release */,
			);
			defaultConfigurationIsVisible = 0;
			defaultConfigurationName = Release;
		};
		CE3B331D279079AD0014E1F1 /* Build configuration list for PBXNativeTarget "WeatheApp(OpenWeatherAPI)" */ = {
			isa = XCConfigurationList;
			buildConfigurations = (
				CE3B331E279079AD0014E1F1 /* Debug */,
				CE3B331F279079AD0014E1F1 /* Release */,
			);
			defaultConfigurationIsVisible = 0;
			defaultConfigurationName = Release;
		};
/* End XCConfigurationList section */
	};
	rootObject = CE3B3301279079A70014E1F1 /* Project object */;
}
